
Microsoft Visual Studio Solution File, Format Version 12.00
# Visual Studio Version 16
VisualStudioVersion = 16.0.31019.35
MinimumVisualStudioVersion = 10.0.40219.1
Project("{FAE04EC0-301F-11D3-BF4B-00C04F79EFBC}") = "Investimento.Fundo", "Investimento.Fundo\Investimento.Fundo.csproj", "{6AB36C71-D770-4076-920C-F1E8F7109183}"
EndProject
Project("{FAE04EC0-301F-11D3-BF4B-00C04F79EFBC}") = "Investimento.Fundo.Domain", "Investimento.Fundo.Domain\Investimento.Fundo.Domain.csproj", "{AF2FF4A0-612D-41CB-A672-A14A3050E232}"
EndProject
Project("{FAE04EC0-301F-11D3-BF4B-00C04F79EFBC}") = "Investimento.Fundo.Infrastructure", "Investimento.Fundo.Infrastructure\Investimento.Fundo.Infrastructure.csproj", "{EC986D29-BB80-4A2A-9C52-62E9789CBC9B}"
EndProject
Project("{FAE04EC0-301F-11D3-BF4B-00C04F79EFBC}") = "Investimento.Fundo.Test", "Investimento.Fundo.Test\Investimento.Fundo.Test.csproj", "{08292B6C-11ED-48EB-AB63-1398FBDE11DE}"
EndProject
Global
	GlobalSection(SolutionConfigurationPlatforms) = preSolution
		Debug|Any CPU = Debug|Any CPU
		Release|Any CPU = Release|Any CPU
	EndGlobalSection
	GlobalSection(ProjectConfigurationPlatforms) = postSolution
		{6AB36C71-D770-4076-920C-F1E8F7109183}.Debug|Any CPU.ActiveCfg = Debug|Any CPU
		{6AB36C71-D770-4076-920C-F1E8F7109183}.Debug|Any CPU.Build.0 = Debug|Any CPU
		{6AB36C71-D770-4076-920C-F1E8F7109183}.Release|Any CPU.ActiveCfg = Release|Any CPU
		{6AB36C71-D770-4076-920C-F1E8F7109183}.Release|Any CPU.Build.0 = Release|Any CPU
		{AF2FF4A0-612D-41CB-A672-A14A3050E232}.Debug|Any CPU.ActiveCfg = Debug|Any CPU
		{AF2FF4A0-612D-41CB-A672-A14A3050E232}.Debug|Any CPU.Build.0 = Debug|Any CPU
		{AF2FF4A0-612D-41CB-A672-A14A3050E232}.Release|Any CPU.ActiveCfg = Release|Any CPU
		{AF2FF4A0-612D-41CB-A672-A14A3050E232}.Release|Any CPU.Build.0 = Release|Any CPU
		{EC986D29-BB80-4A2A-9C52-62E9789CBC9B}.Debug|Any CPU.ActiveCfg = Debug|Any CPU
		{EC986D29-BB80-4A2A-9C52-62E9789CBC9B}.Debug|Any CPU.Build.0 = Debug|Any CPU
		{EC986D29-BB80-4A2A-9C52-62E9789CBC9B}.Release|Any CPU.ActiveCfg = Release|Any CPU
		{EC986D29-BB80-4A2A-9C52-62E9789CBC9B}.Release|Any CPU.Build.0 = Release|Any CPU
		{08292B6C-11ED-48EB-AB63-1398FBDE11DE}.Debug|Any CPU.ActiveCfg = Debug|Any CPU
		{08292B6C-11ED-48EB-AB63-1398FBDE11DE}.Debug|Any CPU.Build.0 = Debug|Any CPU
		{08292B6C-11ED-48EB-AB63-1398FBDE11DE}.Release|Any CPU.ActiveCfg = Release|Any CPU
		{08292B6C-11ED-48EB-AB63-1398FBDE11DE}.Release|Any CPU.Build.0 = Release|Any CPU
	EndGlobalSection
	GlobalSection(SolutionProperties) = preSolution
		HideSolutionNode = FALSE
	EndGlobalSection
	GlobalSection(ExtensibilityGlobals) = postSolution
		SolutionGuid = {22686FBF-82EF-4A76-AFC7-E35BF571A33B}
	EndGlobalSection
EndGlobal
